
Microsoft Visual Studio Solution File, Format Version 12.00
# Visual Studio 2013
VisualStudioVersion = 12.0.40629.0
MinimumVisualStudioVersion = 10.0.40219.1
Project("{FAE04EC0-301F-11D3-BF4B-00C04F79EFBC}") = "MultiDimmensArrSetsDictionnary", "MultiDimmensArrSetsDictionnary\MultiDimmensArrSetsDictionnary.csproj", "{2AC63B01-BBC9-4811-930D-1AB3BA0BC569}"
EndProject
Project("{2150E333-8FDC-42A3-9474-1A3956D46DE8}") = "Multidimensional Arrays", "Multidimensional Arrays", "{5D08C861-73B8-4E33-A241-F24EE75B21C7}"
EndProject
Project("{FAE04EC0-301F-11D3-BF4B-00C04F79EFBC}") = "FillMultiDimensionalArray", "FillMultiDimensionalArray\FillMultiDimensionalArray.csproj", "{81312A96-8E6E-4F5F-85DB-04425884BE57}"
EndProject
Project("{FAE04EC0-301F-11D3-BF4B-00C04F79EFBC}") = "MaximalPlatform", "MaximalPlatform\MaximalPlatform.csproj", "{0CF7E36A-1BBC-4660-94B4-3FB4BA88EFB8}"
EndProject
Project("{FAE04EC0-301F-11D3-BF4B-00C04F79EFBC}") = "SnakeMatrix", "SnakeMatrix\SnakeMatrix.csproj", "{D7551597-D31A-451D-A334-24EF316B7722}"
EndProject
Project("{FAE04EC0-301F-11D3-BF4B-00C04F79EFBC}") = "JaggedArray", "JaggedArray\JaggedArray.csproj", "{E2D189F0-B2BC-42B8-92EA-70D1DC307852}"
EndProject
Global
	GlobalSection(SolutionConfigurationPlatforms) = preSolution
		Debug|Any CPU = Debug|Any CPU
		Release|Any CPU = Release|Any CPU
	EndGlobalSection
	GlobalSection(ProjectConfigurationPlatforms) = postSolution
		{2AC63B01-BBC9-4811-930D-1AB3BA0BC569}.Debug|Any CPU.ActiveCfg = Debug|Any CPU
		{2AC63B01-BBC9-4811-930D-1AB3BA0BC569}.Debug|Any CPU.Build.0 = Debug|Any CPU
		{2AC63B01-BBC9-4811-930D-1AB3BA0BC569}.Release|Any CPU.ActiveCfg = Release|Any CPU
		{2AC63B01-BBC9-4811-930D-1AB3BA0BC569}.Release|Any CPU.Build.0 = Release|Any CPU
		{81312A96-8E6E-4F5F-85DB-04425884BE57}.Debug|Any CPU.ActiveCfg = Debug|Any CPU
		{81312A96-8E6E-4F5F-85DB-04425884BE57}.Debug|Any CPU.Build.0 = Debug|Any CPU
		{81312A96-8E6E-4F5F-85DB-04425884BE57}.Release|Any CPU.ActiveCfg = Release|Any CPU
		{81312A96-8E6E-4F5F-85DB-04425884BE57}.Release|Any CPU.Build.0 = Release|Any CPU
		{0CF7E36A-1BBC-4660-94B4-3FB4BA88EFB8}.Debug|Any CPU.ActiveCfg = Debug|Any CPU
		{0CF7E36A-1BBC-4660-94B4-3FB4BA88EFB8}.Debug|Any CPU.Build.0 = Debug|Any CPU
		{0CF7E36A-1BBC-4660-94B4-3FB4BA88EFB8}.Release|Any CPU.ActiveCfg = Release|Any CPU
		{0CF7E36A-1BBC-4660-94B4-3FB4BA88EFB8}.Release|Any CPU.Build.0 = Release|Any CPU
		{D7551597-D31A-451D-A334-24EF316B7722}.Debug|Any CPU.ActiveCfg = Debug|Any CPU
		{D7551597-D31A-451D-A334-24EF316B7722}.Debug|Any CPU.Build.0 = Debug|Any CPU
		{D7551597-D31A-451D-A334-24EF316B7722}.Release|Any CPU.ActiveCfg = Release|Any CPU
		{D7551597-D31A-451D-A334-24EF316B7722}.Release|Any CPU.Build.0 = Release|Any CPU
		{E2D189F0-B2BC-42B8-92EA-70D1DC307852}.Debug|Any CPU.ActiveCfg = Debug|Any CPU
		{E2D189F0-B2BC-42B8-92EA-70D1DC307852}.Debug|Any CPU.Build.0 = Debug|Any CPU
		{E2D189F0-B2BC-42B8-92EA-70D1DC307852}.Release|Any CPU.ActiveCfg = Release|Any CPU
		{E2D189F0-B2BC-42B8-92EA-70D1DC307852}.Release|Any CPU.Build.0 = Release|Any CPU
	EndGlobalSection
	GlobalSection(SolutionProperties) = preSolution
		HideSolutionNode = FALSE
	EndGlobalSection
	GlobalSection(NestedProjects) = preSolution
		{81312A96-8E6E-4F5F-85DB-04425884BE57} = {5D08C861-73B8-4E33-A241-F24EE75B21C7}
		{0CF7E36A-1BBC-4660-94B4-3FB4BA88EFB8} = {5D08C861-73B8-4E33-A241-F24EE75B21C7}
		{D7551597-D31A-451D-A334-24EF316B7722} = {5D08C861-73B8-4E33-A241-F24EE75B21C7}
		{E2D189F0-B2BC-42B8-92EA-70D1DC307852} = {5D08C861-73B8-4E33-A241-F24EE75B21C7}
	EndGlobalSection
EndGlobal
