
Microsoft Visual Studio Solution File, Format Version 12.00
# Visual Studio 2013
VisualStudioVersion = 12.0.40629.0
MinimumVisualStudioVersion = 10.0.40219.1
Project("{2150E333-8FDC-42A3-9474-1A3956D46DE8}") = "Array", "Array", "{3DE329B5-42B9-4698-B13E-D6DF673B0E86}"
EndProject
Project("{2150E333-8FDC-42A3-9474-1A3956D46DE8}") = "Stack", "Stack", "{3ABC17C1-3A13-4251-95AD-B357B12B4AEC}"
EndProject
Project("{2150E333-8FDC-42A3-9474-1A3956D46DE8}") = "Queue", "Queue", "{C45AB371-BF76-485F-B8E5-07D78D35505F}"
EndProject
Project("{2150E333-8FDC-42A3-9474-1A3956D46DE8}") = "List", "List", "{C8F062D1-4C2F-41CD-B267-AE2C0E3C1331}"
EndProject
Project("{FAE04EC0-301F-11D3-BF4B-00C04F79EFBC}") = "Array", "Array\Array.csproj", "{5F9FBE36-5127-4142-B816-A6EBBC39B02B}"
EndProject
Project("{FAE04EC0-301F-11D3-BF4B-00C04F79EFBC}") = "ListExcercise", "ListExcercise\ListExcercise.csproj", "{59346238-8D3A-4D59-84A0-A1A8A5EDF390}"
EndProject
Project("{FAE04EC0-301F-11D3-BF4B-00C04F79EFBC}") = "StackExcercise", "StackExcercise\StackExcercise.csproj", "{168433C2-03C7-4D60-B534-B5C9CDDF08EA}"
EndProject
Project("{FAE04EC0-301F-11D3-BF4B-00C04F79EFBC}") = "QueueExcercise", "QueueExcercise\QueueExcercise.csproj", "{6F465051-8F9E-4CA6-9426-370179392CFC}"
EndProject
Project("{2150E333-8FDC-42A3-9474-1A3956D46DE8}") = "ExcerciseInClass", "ExcerciseInClass", "{7C95F2D1-EFF6-41A5-A6F6-4960A7E70399}"
EndProject
Project("{FAE04EC0-301F-11D3-BF4B-00C04F79EFBC}") = "BubbleSort", "BubbleSort\BubbleSort.csproj", "{32B4C1BF-B5D9-40C1-84A3-E5C44B951E66}"
EndProject
Project("{FAE04EC0-301F-11D3-BF4B-00C04F79EFBC}") = "JoinLists", "JoinLists\JoinLists.csproj", "{527D9ABB-329A-45C8-BDF0-0E98F6A0C85E}"
EndProject
Project("{2150E333-8FDC-42A3-9474-1A3956D46DE8}") = "Homework", "Homework", "{EF8B10D5-8A81-4B41-9F5C-ECC45B13FC1F}"
EndProject
Project("{FAE04EC0-301F-11D3-BF4B-00C04F79EFBC}") = "LongestIncreasingSequence", "LongestIncreasingSequence\LongestIncreasingSequence.csproj", "{47EAF06A-3F1B-4E0C-888C-EF6E62889014}"
EndProject
Project("{FAE04EC0-301F-11D3-BF4B-00C04F79EFBC}") = "SortArrayOfNumbers", "SortArrayOfNumbers\SortArrayOfNumbers.csproj", "{44312939-32EB-46EA-8765-59A8DFB776BF}"
EndProject
Project("{FAE04EC0-301F-11D3-BF4B-00C04F79EFBC}") = "SelectionSort", "SelectionSort\SelectionSort.csproj", "{0F0C6A5C-4A9D-4419-9182-8EF2062B492A}"
EndProject
Project("{FAE04EC0-301F-11D3-BF4B-00C04F79EFBC}") = "SequencesOfEqualsStrings", "SequencesOfEqualsStrings\SequencesOfEqualsStrings.csproj", "{86A58AFE-BD64-46D6-8326-F9EFE3DE9F63}"
EndProject
Project("{FAE04EC0-301F-11D3-BF4B-00C04F79EFBC}") = "SubSetSumOfArray", "SubSetSumOfArray\SubSetSumOfArray.csproj", "{0A5E19EA-B6AA-4E82-9C90-BF89D17BC4FC}"
EndProject
Project("{FAE04EC0-301F-11D3-BF4B-00C04F79EFBC}") = "SortedSubSetSumOfArray", "SortedSubSetSumOfArray\SortedSubSetSumOfArray.csproj", "{ABBDE00B-8862-4D50-A038-B925A1B55530}"
EndProject
Project("{FAE04EC0-301F-11D3-BF4B-00C04F79EFBC}") = "LegoBlocks", "LegoBlocks\LegoBlocks.csproj", "{64AF1A7F-0E66-42DD-92BC-642D168A17D0}"
EndProject
Project("{FAE04EC0-301F-11D3-BF4B-00C04F79EFBC}") = "StuckNumbers", "StuckNumbers\StuckNumbers.csproj", "{A628388A-2EE1-4258-B0D9-3D3925380DFE}"
EndProject
Global
	GlobalSection(SolutionConfigurationPlatforms) = preSolution
		Debug|Any CPU = Debug|Any CPU
		Release|Any CPU = Release|Any CPU
	EndGlobalSection
	GlobalSection(ProjectConfigurationPlatforms) = postSolution
		{5F9FBE36-5127-4142-B816-A6EBBC39B02B}.Debug|Any CPU.ActiveCfg = Debug|Any CPU
		{5F9FBE36-5127-4142-B816-A6EBBC39B02B}.Debug|Any CPU.Build.0 = Debug|Any CPU
		{5F9FBE36-5127-4142-B816-A6EBBC39B02B}.Release|Any CPU.ActiveCfg = Release|Any CPU
		{5F9FBE36-5127-4142-B816-A6EBBC39B02B}.Release|Any CPU.Build.0 = Release|Any CPU
		{59346238-8D3A-4D59-84A0-A1A8A5EDF390}.Debug|Any CPU.ActiveCfg = Debug|Any CPU
		{59346238-8D3A-4D59-84A0-A1A8A5EDF390}.Debug|Any CPU.Build.0 = Debug|Any CPU
		{59346238-8D3A-4D59-84A0-A1A8A5EDF390}.Release|Any CPU.ActiveCfg = Release|Any CPU
		{59346238-8D3A-4D59-84A0-A1A8A5EDF390}.Release|Any CPU.Build.0 = Release|Any CPU
		{168433C2-03C7-4D60-B534-B5C9CDDF08EA}.Debug|Any CPU.ActiveCfg = Debug|Any CPU
		{168433C2-03C7-4D60-B534-B5C9CDDF08EA}.Debug|Any CPU.Build.0 = Debug|Any CPU
		{168433C2-03C7-4D60-B534-B5C9CDDF08EA}.Release|Any CPU.ActiveCfg = Release|Any CPU
		{168433C2-03C7-4D60-B534-B5C9CDDF08EA}.Release|Any CPU.Build.0 = Release|Any CPU
		{6F465051-8F9E-4CA6-9426-370179392CFC}.Debug|Any CPU.ActiveCfg = Debug|Any CPU
		{6F465051-8F9E-4CA6-9426-370179392CFC}.Debug|Any CPU.Build.0 = Debug|Any CPU
		{6F465051-8F9E-4CA6-9426-370179392CFC}.Release|Any CPU.ActiveCfg = Release|Any CPU
		{6F465051-8F9E-4CA6-9426-370179392CFC}.Release|Any CPU.Build.0 = Release|Any CPU
		{32B4C1BF-B5D9-40C1-84A3-E5C44B951E66}.Debug|Any CPU.ActiveCfg = Debug|Any CPU
		{32B4C1BF-B5D9-40C1-84A3-E5C44B951E66}.Debug|Any CPU.Build.0 = Debug|Any CPU
		{32B4C1BF-B5D9-40C1-84A3-E5C44B951E66}.Release|Any CPU.ActiveCfg = Release|Any CPU
		{32B4C1BF-B5D9-40C1-84A3-E5C44B951E66}.Release|Any CPU.Build.0 = Release|Any CPU
		{527D9ABB-329A-45C8-BDF0-0E98F6A0C85E}.Debug|Any CPU.ActiveCfg = Debug|Any CPU
		{527D9ABB-329A-45C8-BDF0-0E98F6A0C85E}.Debug|Any CPU.Build.0 = Debug|Any CPU
		{527D9ABB-329A-45C8-BDF0-0E98F6A0C85E}.Release|Any CPU.ActiveCfg = Release|Any CPU
		{527D9ABB-329A-45C8-BDF0-0E98F6A0C85E}.Release|Any CPU.Build.0 = Release|Any CPU
		{47EAF06A-3F1B-4E0C-888C-EF6E62889014}.Debug|Any CPU.ActiveCfg = Debug|Any CPU
		{47EAF06A-3F1B-4E0C-888C-EF6E62889014}.Debug|Any CPU.Build.0 = Debug|Any CPU
		{47EAF06A-3F1B-4E0C-888C-EF6E62889014}.Release|Any CPU.ActiveCfg = Release|Any CPU
		{47EAF06A-3F1B-4E0C-888C-EF6E62889014}.Release|Any CPU.Build.0 = Release|Any CPU
		{44312939-32EB-46EA-8765-59A8DFB776BF}.Debug|Any CPU.ActiveCfg = Debug|Any CPU
		{44312939-32EB-46EA-8765-59A8DFB776BF}.Debug|Any CPU.Build.0 = Debug|Any CPU
		{44312939-32EB-46EA-8765-59A8DFB776BF}.Release|Any CPU.ActiveCfg = Release|Any CPU
		{44312939-32EB-46EA-8765-59A8DFB776BF}.Release|Any CPU.Build.0 = Release|Any CPU
		{0F0C6A5C-4A9D-4419-9182-8EF2062B492A}.Debug|Any CPU.ActiveCfg = Debug|Any CPU
		{0F0C6A5C-4A9D-4419-9182-8EF2062B492A}.Debug|Any CPU.Build.0 = Debug|Any CPU
		{0F0C6A5C-4A9D-4419-9182-8EF2062B492A}.Release|Any CPU.ActiveCfg = Release|Any CPU
		{0F0C6A5C-4A9D-4419-9182-8EF2062B492A}.Release|Any CPU.Build.0 = Release|Any CPU
		{86A58AFE-BD64-46D6-8326-F9EFE3DE9F63}.Debug|Any CPU.ActiveCfg = Debug|Any CPU
		{86A58AFE-BD64-46D6-8326-F9EFE3DE9F63}.Debug|Any CPU.Build.0 = Debug|Any CPU
		{86A58AFE-BD64-46D6-8326-F9EFE3DE9F63}.Release|Any CPU.ActiveCfg = Release|Any CPU
		{86A58AFE-BD64-46D6-8326-F9EFE3DE9F63}.Release|Any CPU.Build.0 = Release|Any CPU
		{0A5E19EA-B6AA-4E82-9C90-BF89D17BC4FC}.Debug|Any CPU.ActiveCfg = Debug|Any CPU
		{0A5E19EA-B6AA-4E82-9C90-BF89D17BC4FC}.Debug|Any CPU.Build.0 = Debug|Any CPU
		{0A5E19EA-B6AA-4E82-9C90-BF89D17BC4FC}.Release|Any CPU.ActiveCfg = Release|Any CPU
		{0A5E19EA-B6AA-4E82-9C90-BF89D17BC4FC}.Release|Any CPU.Build.0 = Release|Any CPU
		{ABBDE00B-8862-4D50-A038-B925A1B55530}.Debug|Any CPU.ActiveCfg = Debug|Any CPU
		{ABBDE00B-8862-4D50-A038-B925A1B55530}.Debug|Any CPU.Build.0 = Debug|Any CPU
		{ABBDE00B-8862-4D50-A038-B925A1B55530}.Release|Any CPU.ActiveCfg = Release|Any CPU
		{ABBDE00B-8862-4D50-A038-B925A1B55530}.Release|Any CPU.Build.0 = Release|Any CPU
		{64AF1A7F-0E66-42DD-92BC-642D168A17D0}.Debug|Any CPU.ActiveCfg = Debug|Any CPU
		{64AF1A7F-0E66-42DD-92BC-642D168A17D0}.Debug|Any CPU.Build.0 = Debug|Any CPU
		{64AF1A7F-0E66-42DD-92BC-642D168A17D0}.Release|Any CPU.ActiveCfg = Release|Any CPU
		{64AF1A7F-0E66-42DD-92BC-642D168A17D0}.Release|Any CPU.Build.0 = Release|Any CPU
		{A628388A-2EE1-4258-B0D9-3D3925380DFE}.Debug|Any CPU.ActiveCfg = Debug|Any CPU
		{A628388A-2EE1-4258-B0D9-3D3925380DFE}.Debug|Any CPU.Build.0 = Debug|Any CPU
		{A628388A-2EE1-4258-B0D9-3D3925380DFE}.Release|Any CPU.ActiveCfg = Release|Any CPU
		{A628388A-2EE1-4258-B0D9-3D3925380DFE}.Release|Any CPU.Build.0 = Release|Any CPU
	EndGlobalSection
	GlobalSection(SolutionProperties) = preSolution
		HideSolutionNode = FALSE
	EndGlobalSection
	GlobalSection(NestedProjects) = preSolution
		{5F9FBE36-5127-4142-B816-A6EBBC39B02B} = {3DE329B5-42B9-4698-B13E-D6DF673B0E86}
		{59346238-8D3A-4D59-84A0-A1A8A5EDF390} = {C8F062D1-4C2F-41CD-B267-AE2C0E3C1331}
		{168433C2-03C7-4D60-B534-B5C9CDDF08EA} = {3ABC17C1-3A13-4251-95AD-B357B12B4AEC}
		{6F465051-8F9E-4CA6-9426-370179392CFC} = {C45AB371-BF76-485F-B8E5-07D78D35505F}
		{32B4C1BF-B5D9-40C1-84A3-E5C44B951E66} = {7C95F2D1-EFF6-41A5-A6F6-4960A7E70399}
		{527D9ABB-329A-45C8-BDF0-0E98F6A0C85E} = {7C95F2D1-EFF6-41A5-A6F6-4960A7E70399}
		{47EAF06A-3F1B-4E0C-888C-EF6E62889014} = {EF8B10D5-8A81-4B41-9F5C-ECC45B13FC1F}
		{44312939-32EB-46EA-8765-59A8DFB776BF} = {EF8B10D5-8A81-4B41-9F5C-ECC45B13FC1F}
		{0F0C6A5C-4A9D-4419-9182-8EF2062B492A} = {EF8B10D5-8A81-4B41-9F5C-ECC45B13FC1F}
		{86A58AFE-BD64-46D6-8326-F9EFE3DE9F63} = {EF8B10D5-8A81-4B41-9F5C-ECC45B13FC1F}
		{0A5E19EA-B6AA-4E82-9C90-BF89D17BC4FC} = {EF8B10D5-8A81-4B41-9F5C-ECC45B13FC1F}
		{ABBDE00B-8862-4D50-A038-B925A1B55530} = {EF8B10D5-8A81-4B41-9F5C-ECC45B13FC1F}
		{64AF1A7F-0E66-42DD-92BC-642D168A17D0} = {EF8B10D5-8A81-4B41-9F5C-ECC45B13FC1F}
		{A628388A-2EE1-4258-B0D9-3D3925380DFE} = {EF8B10D5-8A81-4B41-9F5C-ECC45B13FC1F}
	EndGlobalSection
EndGlobal
