
Microsoft Visual Studio Solution File, Format Version 12.00
# Visual Studio 2013
VisualStudioVersion = 12.0.21005.1
MinimumVisualStudioVersion = 10.0.40219.1
Project("{FAE04EC0-301F-11D3-BF4B-00C04F79EFBC}") = "01.Tables", "01.Tables\01.Tables.csproj", "{932B3990-1ECB-4C1A-8B34-01FCF2B85EEB}"
EndProject
Project("{FAE04EC0-301F-11D3-BF4B-00C04F79EFBC}") = "02.BookOrders", "02.BookOrders\02.BookOrders.csproj", "{98359907-F687-4E36-B5D2-BC4D625D5FE1}"
EndProject
Project("{FAE04EC0-301F-11D3-BF4B-00C04F79EFBC}") = "03.Car", "03.Car\03.Car.csproj", "{D8E8ECAB-02D9-4C1A-9660-AD953FB56F78}"
EndProject
Project("{FAE04EC0-301F-11D3-BF4B-00C04F79EFBC}") = "04.CheesQuens", "04.CheesQuens\04.CheesQuens.csproj", "{C65C891A-7904-40DC-87A8-B1EB2240CD8C}"
EndProject
Project("{FAE04EC0-301F-11D3-BF4B-00C04F79EFBC}") = "05.DoubleDowns", "05.DoubleDowns\05.DoubleDowns.csproj", "{F254C199-9864-44C2-8130-9247AE49E56C}"
EndProject
Project("{FAE04EC0-301F-11D3-BF4B-00C04F79EFBC}") = "05.DoubleDownsWithStrings", "05.DoubleDownsWithStrings\05.DoubleDownsWithStrings.csproj", "{91D811EC-1C17-4F53-A049-9E9AAAA0CB1E}"
EndProject
Project("{FAE04EC0-301F-11D3-BF4B-00C04F79EFBC}") = "01.TablesMySolution", "01.TablesMySolution\01.TablesMySolution.csproj", "{F8F757A2-B934-4D0F-B419-66357358089A}"
EndProject
Project("{FAE04EC0-301F-11D3-BF4B-00C04F79EFBC}") = "02.BookOrdersMySolution", "02.BookOrdersMySolution\02.BookOrdersMySolution.csproj", "{071EF21F-979D-4C8C-A337-31C2BDB19642}"
EndProject
Project("{FAE04EC0-301F-11D3-BF4B-00C04F79EFBC}") = "03.CarMySolution", "03.CarMySolution\03.CarMySolution.csproj", "{4B49E766-F783-4721-8306-E0F2836B1ED6}"
EndProject
Global
	GlobalSection(SolutionConfigurationPlatforms) = preSolution
		Debug|Any CPU = Debug|Any CPU
		Release|Any CPU = Release|Any CPU
	EndGlobalSection
	GlobalSection(ProjectConfigurationPlatforms) = postSolution
		{932B3990-1ECB-4C1A-8B34-01FCF2B85EEB}.Debug|Any CPU.ActiveCfg = Debug|Any CPU
		{932B3990-1ECB-4C1A-8B34-01FCF2B85EEB}.Debug|Any CPU.Build.0 = Debug|Any CPU
		{932B3990-1ECB-4C1A-8B34-01FCF2B85EEB}.Release|Any CPU.ActiveCfg = Release|Any CPU
		{932B3990-1ECB-4C1A-8B34-01FCF2B85EEB}.Release|Any CPU.Build.0 = Release|Any CPU
		{98359907-F687-4E36-B5D2-BC4D625D5FE1}.Debug|Any CPU.ActiveCfg = Debug|Any CPU
		{98359907-F687-4E36-B5D2-BC4D625D5FE1}.Debug|Any CPU.Build.0 = Debug|Any CPU
		{98359907-F687-4E36-B5D2-BC4D625D5FE1}.Release|Any CPU.ActiveCfg = Release|Any CPU
		{98359907-F687-4E36-B5D2-BC4D625D5FE1}.Release|Any CPU.Build.0 = Release|Any CPU
		{D8E8ECAB-02D9-4C1A-9660-AD953FB56F78}.Debug|Any CPU.ActiveCfg = Debug|Any CPU
		{D8E8ECAB-02D9-4C1A-9660-AD953FB56F78}.Debug|Any CPU.Build.0 = Debug|Any CPU
		{D8E8ECAB-02D9-4C1A-9660-AD953FB56F78}.Release|Any CPU.ActiveCfg = Release|Any CPU
		{D8E8ECAB-02D9-4C1A-9660-AD953FB56F78}.Release|Any CPU.Build.0 = Release|Any CPU
		{C65C891A-7904-40DC-87A8-B1EB2240CD8C}.Debug|Any CPU.ActiveCfg = Debug|Any CPU
		{C65C891A-7904-40DC-87A8-B1EB2240CD8C}.Debug|Any CPU.Build.0 = Debug|Any CPU
		{C65C891A-7904-40DC-87A8-B1EB2240CD8C}.Release|Any CPU.ActiveCfg = Release|Any CPU
		{C65C891A-7904-40DC-87A8-B1EB2240CD8C}.Release|Any CPU.Build.0 = Release|Any CPU
		{F254C199-9864-44C2-8130-9247AE49E56C}.Debug|Any CPU.ActiveCfg = Debug|Any CPU
		{F254C199-9864-44C2-8130-9247AE49E56C}.Debug|Any CPU.Build.0 = Debug|Any CPU
		{F254C199-9864-44C2-8130-9247AE49E56C}.Release|Any CPU.ActiveCfg = Release|Any CPU
		{F254C199-9864-44C2-8130-9247AE49E56C}.Release|Any CPU.Build.0 = Release|Any CPU
		{91D811EC-1C17-4F53-A049-9E9AAAA0CB1E}.Debug|Any CPU.ActiveCfg = Debug|Any CPU
		{91D811EC-1C17-4F53-A049-9E9AAAA0CB1E}.Debug|Any CPU.Build.0 = Debug|Any CPU
		{91D811EC-1C17-4F53-A049-9E9AAAA0CB1E}.Release|Any CPU.ActiveCfg = Release|Any CPU
		{91D811EC-1C17-4F53-A049-9E9AAAA0CB1E}.Release|Any CPU.Build.0 = Release|Any CPU
		{F8F757A2-B934-4D0F-B419-66357358089A}.Debug|Any CPU.ActiveCfg = Debug|Any CPU
		{F8F757A2-B934-4D0F-B419-66357358089A}.Debug|Any CPU.Build.0 = Debug|Any CPU
		{F8F757A2-B934-4D0F-B419-66357358089A}.Release|Any CPU.ActiveCfg = Release|Any CPU
		{F8F757A2-B934-4D0F-B419-66357358089A}.Release|Any CPU.Build.0 = Release|Any CPU
		{071EF21F-979D-4C8C-A337-31C2BDB19642}.Debug|Any CPU.ActiveCfg = Debug|Any CPU
		{071EF21F-979D-4C8C-A337-31C2BDB19642}.Debug|Any CPU.Build.0 = Debug|Any CPU
		{071EF21F-979D-4C8C-A337-31C2BDB19642}.Release|Any CPU.ActiveCfg = Release|Any CPU
		{071EF21F-979D-4C8C-A337-31C2BDB19642}.Release|Any CPU.Build.0 = Release|Any CPU
		{4B49E766-F783-4721-8306-E0F2836B1ED6}.Debug|Any CPU.ActiveCfg = Debug|Any CPU
		{4B49E766-F783-4721-8306-E0F2836B1ED6}.Debug|Any CPU.Build.0 = Debug|Any CPU
		{4B49E766-F783-4721-8306-E0F2836B1ED6}.Release|Any CPU.ActiveCfg = Release|Any CPU
		{4B49E766-F783-4721-8306-E0F2836B1ED6}.Release|Any CPU.Build.0 = Release|Any CPU
	EndGlobalSection
	GlobalSection(SolutionProperties) = preSolution
		HideSolutionNode = FALSE
	EndGlobalSection
EndGlobal
