
Microsoft Visual Studio Solution File, Format Version 12.00
# Visual Studio 14
VisualStudioVersion = 14.0.23107.0
MinimumVisualStudioVersion = 10.0.40219.1
Project("{2150E333-8FDC-42A3-9474-1A3956D46DE8}") = "Fibonacci Sequence", "Fibonacci Sequence", "{D22AC7DC-F260-45AC-86F5-D715F5C13BD4}"
EndProject
Project("{FAE04EC0-301F-11D3-BF4B-00C04F79EFBC}") = "Fibonacci Sequence With Loop", "Fibonacci Sequence With Loop\Fibonacci Sequence With Loop.csproj", "{CBF65F91-E542-45B5-A52E-2A2B21377815}"
EndProject
Global
	GlobalSection(SolutionConfigurationPlatforms) = preSolution
		Debug|Any CPU = Debug|Any CPU
		Release|Any CPU = Release|Any CPU
	EndGlobalSection
	GlobalSection(ProjectConfigurationPlatforms) = postSolution
		{CBF65F91-E542-45B5-A52E-2A2B21377815}.Debug|Any CPU.ActiveCfg = Debug|Any CPU
		{CBF65F91-E542-45B5-A52E-2A2B21377815}.Debug|Any CPU.Build.0 = Debug|Any CPU
		{CBF65F91-E542-45B5-A52E-2A2B21377815}.Release|Any CPU.ActiveCfg = Release|Any CPU
		{CBF65F91-E542-45B5-A52E-2A2B21377815}.Release|Any CPU.Build.0 = Release|Any CPU
	EndGlobalSection
	GlobalSection(SolutionProperties) = preSolution
		HideSolutionNode = FALSE
	EndGlobalSection
	GlobalSection(NestedProjects) = preSolution
		{CBF65F91-E542-45B5-A52E-2A2B21377815} = {D22AC7DC-F260-45AC-86F5-D715F5C13BD4}
	EndGlobalSection
EndGlobal
