
Microsoft Visual Studio Solution File, Format Version 11.00
# Visual Studio 2010
Project("{FAE04EC0-301F-11D3-BF4B-00C04F79EFBC}") = "Problem04.HelloCSharp", "Problem04.HelloCSharp\Problem04.HelloCSharp.csproj", "{0905D6D5-852D-4C8E-92C9-CAAD4AEC74AC}"
EndProject
Project("{FAE04EC0-301F-11D3-BF4B-00C04F79EFBC}") = "Problem05.PrintMyName", "Problem05.PrintMyName\Problem05.PrintMyName.csproj", "{350DE36B-B710-44A6-9569-BBBC523E0ED8}"
EndProject
Project("{FAE04EC0-301F-11D3-BF4B-00C04F79EFBC}") = "Problem06.PrintNumbers", "Problem06.PrintNumbers\Problem06.PrintNumbers.csproj", "{7D3FE0CA-DA71-41B2-B968-5E7EBFDC57BA}"
EndProject
Project("{FAE04EC0-301F-11D3-BF4B-00C04F79EFBC}") = "Problem07.FirstAndLastName", "Problem07.FirstAndLastName\Problem07.FirstAndLastName.csproj", "{CB081F5C-CDFF-4326-8AE4-0DC4DAD01836}"
EndProject
Project("{FAE04EC0-301F-11D3-BF4B-00C04F79EFBC}") = "Problem08.SqrtRoot", "Problem08.SqrtRoot\Problem08.SqrtRoot.csproj", "{27CCC39E-A1E2-4046-B6A1-0312B2952350}"
EndProject
Project("{FAE04EC0-301F-11D3-BF4B-00C04F79EFBC}") = "Problem09.PrintSequence", "Problem09.PrintSequence\Problem09.PrintSequence.csproj", "{F7351504-91DD-4F40-9E84-14DA01829F25}"
EndProject
Project("{FAE04EC0-301F-11D3-BF4B-00C04F79EFBC}") = "Problem10.ReformatCSharpCode", "Problem10.ReformatCSharpCode\Problem10.ReformatCSharpCode.csproj", "{C24C5836-A1EC-416A-B1FF-51B6199AFFE4}"
EndProject
Project("{FAE04EC0-301F-11D3-BF4B-00C04F79EFBC}") = "Problem14.CurrentDateTime", "Problem14.CurrentDateTime\Problem14.CurrentDateTime.csproj", "{EFEDF271-1CCD-455A-8199-2F6CE125867F}"
EndProject
Project("{FAE04EC0-301F-11D3-BF4B-00C04F79EFBC}") = "Problem15AgeNowAndAfterTenYears", "Problem15AgeNowAndAfterTenYears\Problem15AgeNowAndAfterTenYears.csproj", "{5F8B809F-5628-47FC-8E93-E649AECD3C4F}"
EndProject
Project("{FAE04EC0-301F-11D3-BF4B-00C04F79EFBC}") = "Problem16.PrintLongSequence", "Problem16.PrintLongSequence\Problem16.PrintLongSequence.csproj", "{BE568B57-E837-4FC4-95D0-76B92DC0152A}"
EndProject
Project("{FAE04EC0-301F-11D3-BF4B-00C04F79EFBC}") = "Problem16v2.PrintLongSequence", "Problem16v2.PrintLongSequence\Problem16v2.PrintLongSequence.csproj", "{21961753-9C5B-4B34-9D40-540C5EB49AB8}"
EndProject
Global
	GlobalSection(SolutionConfigurationPlatforms) = preSolution
		Debug|x86 = Debug|x86
		Release|x86 = Release|x86
	EndGlobalSection
	GlobalSection(ProjectConfigurationPlatforms) = postSolution
		{0905D6D5-852D-4C8E-92C9-CAAD4AEC74AC}.Debug|x86.ActiveCfg = Debug|x86
		{0905D6D5-852D-4C8E-92C9-CAAD4AEC74AC}.Debug|x86.Build.0 = Debug|x86
		{0905D6D5-852D-4C8E-92C9-CAAD4AEC74AC}.Release|x86.ActiveCfg = Release|x86
		{0905D6D5-852D-4C8E-92C9-CAAD4AEC74AC}.Release|x86.Build.0 = Release|x86
		{350DE36B-B710-44A6-9569-BBBC523E0ED8}.Debug|x86.ActiveCfg = Debug|x86
		{350DE36B-B710-44A6-9569-BBBC523E0ED8}.Debug|x86.Build.0 = Debug|x86
		{350DE36B-B710-44A6-9569-BBBC523E0ED8}.Release|x86.ActiveCfg = Release|x86
		{350DE36B-B710-44A6-9569-BBBC523E0ED8}.Release|x86.Build.0 = Release|x86
		{7D3FE0CA-DA71-41B2-B968-5E7EBFDC57BA}.Debug|x86.ActiveCfg = Debug|x86
		{7D3FE0CA-DA71-41B2-B968-5E7EBFDC57BA}.Debug|x86.Build.0 = Debug|x86
		{7D3FE0CA-DA71-41B2-B968-5E7EBFDC57BA}.Release|x86.ActiveCfg = Release|x86
		{7D3FE0CA-DA71-41B2-B968-5E7EBFDC57BA}.Release|x86.Build.0 = Release|x86
		{CB081F5C-CDFF-4326-8AE4-0DC4DAD01836}.Debug|x86.ActiveCfg = Debug|x86
		{CB081F5C-CDFF-4326-8AE4-0DC4DAD01836}.Debug|x86.Build.0 = Debug|x86
		{CB081F5C-CDFF-4326-8AE4-0DC4DAD01836}.Release|x86.ActiveCfg = Release|x86
		{CB081F5C-CDFF-4326-8AE4-0DC4DAD01836}.Release|x86.Build.0 = Release|x86
		{27CCC39E-A1E2-4046-B6A1-0312B2952350}.Debug|x86.ActiveCfg = Debug|x86
		{27CCC39E-A1E2-4046-B6A1-0312B2952350}.Debug|x86.Build.0 = Debug|x86
		{27CCC39E-A1E2-4046-B6A1-0312B2952350}.Release|x86.ActiveCfg = Release|x86
		{27CCC39E-A1E2-4046-B6A1-0312B2952350}.Release|x86.Build.0 = Release|x86
		{F7351504-91DD-4F40-9E84-14DA01829F25}.Debug|x86.ActiveCfg = Debug|x86
		{F7351504-91DD-4F40-9E84-14DA01829F25}.Debug|x86.Build.0 = Debug|x86
		{F7351504-91DD-4F40-9E84-14DA01829F25}.Release|x86.ActiveCfg = Release|x86
		{F7351504-91DD-4F40-9E84-14DA01829F25}.Release|x86.Build.0 = Release|x86
		{C24C5836-A1EC-416A-B1FF-51B6199AFFE4}.Debug|x86.ActiveCfg = Debug|x86
		{C24C5836-A1EC-416A-B1FF-51B6199AFFE4}.Debug|x86.Build.0 = Debug|x86
		{C24C5836-A1EC-416A-B1FF-51B6199AFFE4}.Release|x86.ActiveCfg = Release|x86
		{C24C5836-A1EC-416A-B1FF-51B6199AFFE4}.Release|x86.Build.0 = Release|x86
		{EFEDF271-1CCD-455A-8199-2F6CE125867F}.Debug|x86.ActiveCfg = Debug|x86
		{EFEDF271-1CCD-455A-8199-2F6CE125867F}.Debug|x86.Build.0 = Debug|x86
		{EFEDF271-1CCD-455A-8199-2F6CE125867F}.Release|x86.ActiveCfg = Release|x86
		{EFEDF271-1CCD-455A-8199-2F6CE125867F}.Release|x86.Build.0 = Release|x86
		{5F8B809F-5628-47FC-8E93-E649AECD3C4F}.Debug|x86.ActiveCfg = Debug|x86
		{5F8B809F-5628-47FC-8E93-E649AECD3C4F}.Debug|x86.Build.0 = Debug|x86
		{5F8B809F-5628-47FC-8E93-E649AECD3C4F}.Release|x86.ActiveCfg = Release|x86
		{5F8B809F-5628-47FC-8E93-E649AECD3C4F}.Release|x86.Build.0 = Release|x86
		{BE568B57-E837-4FC4-95D0-76B92DC0152A}.Debug|x86.ActiveCfg = Debug|x86
		{BE568B57-E837-4FC4-95D0-76B92DC0152A}.Debug|x86.Build.0 = Debug|x86
		{BE568B57-E837-4FC4-95D0-76B92DC0152A}.Release|x86.ActiveCfg = Release|x86
		{BE568B57-E837-4FC4-95D0-76B92DC0152A}.Release|x86.Build.0 = Release|x86
		{21961753-9C5B-4B34-9D40-540C5EB49AB8}.Debug|x86.ActiveCfg = Debug|x86
		{21961753-9C5B-4B34-9D40-540C5EB49AB8}.Debug|x86.Build.0 = Debug|x86
		{21961753-9C5B-4B34-9D40-540C5EB49AB8}.Release|x86.ActiveCfg = Release|x86
		{21961753-9C5B-4B34-9D40-540C5EB49AB8}.Release|x86.Build.0 = Release|x86
	EndGlobalSection
	GlobalSection(SolutionProperties) = preSolution
		HideSolutionNode = FALSE
	EndGlobalSection
EndGlobal
