
Microsoft Visual Studio Solution File, Format Version 12.00
# Visual Studio 2013
VisualStudioVersion = 12.0.21005.1
MinimumVisualStudioVersion = 10.0.40219.1
Project("{FAE04EC0-301F-11D3-BF4B-00C04F79EFBC}") = "01.InsideTheBuilding", "01.InsideTheBuilding\01.InsideTheBuilding.csproj", "{2C14B6E0-AD7B-4982-9224-78F51BECC074}"
EndProject
Project("{FAE04EC0-301F-11D3-BF4B-00C04F79EFBC}") = "02.StudentCables", "02.StudentCables\02.StudentCables.csproj", "{2B3FCF92-AEC4-41C0-8B4D-CA93EE0A9C01}"
EndProject
Project("{FAE04EC0-301F-11D3-BF4B-00C04F79EFBC}") = "03.ProgrammerDNA", "03.ProgrammerDNA\03.ProgrammerDNA.csproj", "{E0F09A36-AF96-4D71-B129-7A1FCA387F00}"
EndProject
Project("{FAE04EC0-301F-11D3-BF4B-00C04F79EFBC}") = "03.1 ProgrammerDNA2", "03.1 ProgrammerDNA2\03.1 ProgrammerDNA2.csproj", "{44385B3B-30E3-48D4-890D-5E58B4D83CEB}"
EndProject
Global
	GlobalSection(SolutionConfigurationPlatforms) = preSolution
		Debug|Any CPU = Debug|Any CPU
		Release|Any CPU = Release|Any CPU
	EndGlobalSection
	GlobalSection(ProjectConfigurationPlatforms) = postSolution
		{2C14B6E0-AD7B-4982-9224-78F51BECC074}.Debug|Any CPU.ActiveCfg = Debug|Any CPU
		{2C14B6E0-AD7B-4982-9224-78F51BECC074}.Debug|Any CPU.Build.0 = Debug|Any CPU
		{2C14B6E0-AD7B-4982-9224-78F51BECC074}.Release|Any CPU.ActiveCfg = Release|Any CPU
		{2C14B6E0-AD7B-4982-9224-78F51BECC074}.Release|Any CPU.Build.0 = Release|Any CPU
		{2B3FCF92-AEC4-41C0-8B4D-CA93EE0A9C01}.Debug|Any CPU.ActiveCfg = Debug|Any CPU
		{2B3FCF92-AEC4-41C0-8B4D-CA93EE0A9C01}.Debug|Any CPU.Build.0 = Debug|Any CPU
		{2B3FCF92-AEC4-41C0-8B4D-CA93EE0A9C01}.Release|Any CPU.ActiveCfg = Release|Any CPU
		{2B3FCF92-AEC4-41C0-8B4D-CA93EE0A9C01}.Release|Any CPU.Build.0 = Release|Any CPU
		{E0F09A36-AF96-4D71-B129-7A1FCA387F00}.Debug|Any CPU.ActiveCfg = Debug|Any CPU
		{E0F09A36-AF96-4D71-B129-7A1FCA387F00}.Debug|Any CPU.Build.0 = Debug|Any CPU
		{E0F09A36-AF96-4D71-B129-7A1FCA387F00}.Release|Any CPU.ActiveCfg = Release|Any CPU
		{E0F09A36-AF96-4D71-B129-7A1FCA387F00}.Release|Any CPU.Build.0 = Release|Any CPU
		{44385B3B-30E3-48D4-890D-5E58B4D83CEB}.Debug|Any CPU.ActiveCfg = Debug|Any CPU
		{44385B3B-30E3-48D4-890D-5E58B4D83CEB}.Debug|Any CPU.Build.0 = Debug|Any CPU
		{44385B3B-30E3-48D4-890D-5E58B4D83CEB}.Release|Any CPU.ActiveCfg = Release|Any CPU
		{44385B3B-30E3-48D4-890D-5E58B4D83CEB}.Release|Any CPU.Build.0 = Release|Any CPU
	EndGlobalSection
	GlobalSection(SolutionProperties) = preSolution
		HideSolutionNode = FALSE
	EndGlobalSection
EndGlobal
