
Microsoft Visual Studio Solution File, Format Version 11.00
# Visual Studio 2010
Project("{FAE04EC0-301F-11D3-BF4B-00C04F79EFBC}") = "01DeclareVariables", "01DeclareVariables\01DeclareVariables.csproj", "{530E6BC0-A2F6-4B2B-B430-3802381C7111}"
EndProject
Project("{FAE04EC0-301F-11D3-BF4B-00C04F79EFBC}") = "02FloatOrDouble", "02FloatOrDouble\02FloatOrDouble.csproj", "{1E40C614-128C-49CD-9604-EFCE71CBBE9F}"
EndProject
Project("{FAE04EC0-301F-11D3-BF4B-00C04F79EFBC}") = "03VariableInHexFormat", "03VariableInHexFormat\03VariableInHexFormat.csproj", "{05FCDB07-B3FC-48EB-AABE-23FDBF7EDD79}"
EndProject
Project("{FAE04EC0-301F-11D3-BF4B-00C04F79EFBC}") = "04UnicodeCharacter", "04UnicodeCharacter\04UnicodeCharacter.csproj", "{DF502BEE-8E45-4E6D-97D0-D80639ED3FAC}"
EndProject
Project("{FAE04EC0-301F-11D3-BF4B-00C04F79EFBC}") = "05BooleanVariable", "05BooleanVariable\05BooleanVariable.csproj", "{F83F2F04-827A-4935-8E5A-1554F19A5AA0}"
EndProject
Project("{FAE04EC0-301F-11D3-BF4B-00C04F79EFBC}") = "06StringsAndObjects", "06StringsAndObjects\06StringsAndObjects.csproj", "{F7888845-9003-4464-A1A9-A29222BCA4A4}"
EndProject
Project("{FAE04EC0-301F-11D3-BF4B-00C04F79EFBC}") = "08IsoscelesTriangle", "08IsoscelesTriangle\08IsoscelesTriangle.csproj", "{70C1ACD4-E184-466F-8447-A0E30BC40772}"
EndProject
Project("{FAE04EC0-301F-11D3-BF4B-00C04F79EFBC}") = "07QuotesInStrings", "07QuotesInStrings\07QuotesInStrings.csproj", "{35814E4C-F09E-4541-89C2-20815F1BF1F1}"
EndProject
Project("{FAE04EC0-301F-11D3-BF4B-00C04F79EFBC}") = "09ExchangeVariableValues", "09ExchangeVariableValues\09ExchangeVariableValues.csproj", "{89B85CA5-95BF-4E88-97EC-62951187FCBE}"
EndProject
Project("{FAE04EC0-301F-11D3-BF4B-00C04F79EFBC}") = "10EmployeeData", "10EmployeeData\10EmployeeData.csproj", "{16D00E66-F7F0-425A-B96F-8C350E36C878}"
EndProject
Project("{FAE04EC0-301F-11D3-BF4B-00C04F79EFBC}") = "11BankAccountData", "11BankAccountData\11BankAccountData.csproj", "{231414F0-60D0-487B-92C8-B81076146D2C}"
EndProject
Project("{FAE04EC0-301F-11D3-BF4B-00C04F79EFBC}") = "12NullValuesArithmetic", "12NullValuesArithmetic\12NullValuesArithmetic.csproj", "{B41A58C6-706F-4646-91C9-BA479580AE2A}"
EndProject
Project("{FAE04EC0-301F-11D3-BF4B-00C04F79EFBC}") = "13Comparing Floats", "13Comparing Floats\13Comparing Floats.csproj", "{4488EB78-E1CA-405A-A10E-EABBF3E82C30}"
EndProject
Project("{FAE04EC0-301F-11D3-BF4B-00C04F79EFBC}") = "14PrintASCIITable", "14PrintASCIITable\14PrintASCIITable.csproj", "{99BF7B7F-B666-476A-91AB-A1044C9E49F4}"
EndProject
Project("{FAE04EC0-301F-11D3-BF4B-00C04F79EFBC}") = "15JoroTheFootballPlayer", "15JoroTheFootballPlayer\15JoroTheFootballPlayer.csproj", "{CAA67AEA-B661-4919-A90D-E22C640E4D38}"
EndProject
Project("{FAE04EC0-301F-11D3-BF4B-00C04F79EFBC}") = "16HalfSum", "16HalfSum\16HalfSum.csproj", "{0742B471-42DD-4BCC-96F9-E0B26C353DF3}"
EndProject
Project("{FAE04EC0-301F-11D3-BF4B-00C04F79EFBC}") = "17Sunglasses", "17Sunglasses\17Sunglasses.csproj", "{4DD6F3CE-54F8-45E9-BEC3-385505C94655}"
EndProject
Project("{FAE04EC0-301F-11D3-BF4B-00C04F79EFBC}") = "18NineDigitMagicNumbers", "18NineDigitMagicNumbers\18NineDigitMagicNumbers.csproj", "{E0E96D70-5F07-46DE-8EDB-BBE96CFD70C6}"
EndProject
Project("{FAE04EC0-301F-11D3-BF4B-00C04F79EFBC}") = "19BitsInverter", "19BitsInverter\19BitsInverter.csproj", "{53A7B97C-EA7E-453F-A675-640B1085B81C}"
EndProject
Global
	GlobalSection(SolutionConfigurationPlatforms) = preSolution
		Debug|x86 = Debug|x86
		Release|x86 = Release|x86
	EndGlobalSection
	GlobalSection(ProjectConfigurationPlatforms) = postSolution
		{530E6BC0-A2F6-4B2B-B430-3802381C7111}.Debug|x86.ActiveCfg = Debug|x86
		{530E6BC0-A2F6-4B2B-B430-3802381C7111}.Debug|x86.Build.0 = Debug|x86
		{530E6BC0-A2F6-4B2B-B430-3802381C7111}.Release|x86.ActiveCfg = Release|x86
		{530E6BC0-A2F6-4B2B-B430-3802381C7111}.Release|x86.Build.0 = Release|x86
		{1E40C614-128C-49CD-9604-EFCE71CBBE9F}.Debug|x86.ActiveCfg = Debug|x86
		{1E40C614-128C-49CD-9604-EFCE71CBBE9F}.Debug|x86.Build.0 = Debug|x86
		{1E40C614-128C-49CD-9604-EFCE71CBBE9F}.Release|x86.ActiveCfg = Release|x86
		{1E40C614-128C-49CD-9604-EFCE71CBBE9F}.Release|x86.Build.0 = Release|x86
		{05FCDB07-B3FC-48EB-AABE-23FDBF7EDD79}.Debug|x86.ActiveCfg = Debug|x86
		{05FCDB07-B3FC-48EB-AABE-23FDBF7EDD79}.Debug|x86.Build.0 = Debug|x86
		{05FCDB07-B3FC-48EB-AABE-23FDBF7EDD79}.Release|x86.ActiveCfg = Release|x86
		{05FCDB07-B3FC-48EB-AABE-23FDBF7EDD79}.Release|x86.Build.0 = Release|x86
		{DF502BEE-8E45-4E6D-97D0-D80639ED3FAC}.Debug|x86.ActiveCfg = Debug|x86
		{DF502BEE-8E45-4E6D-97D0-D80639ED3FAC}.Debug|x86.Build.0 = Debug|x86
		{DF502BEE-8E45-4E6D-97D0-D80639ED3FAC}.Release|x86.ActiveCfg = Release|x86
		{DF502BEE-8E45-4E6D-97D0-D80639ED3FAC}.Release|x86.Build.0 = Release|x86
		{F83F2F04-827A-4935-8E5A-1554F19A5AA0}.Debug|x86.ActiveCfg = Debug|x86
		{F83F2F04-827A-4935-8E5A-1554F19A5AA0}.Debug|x86.Build.0 = Debug|x86
		{F83F2F04-827A-4935-8E5A-1554F19A5AA0}.Release|x86.ActiveCfg = Release|x86
		{F83F2F04-827A-4935-8E5A-1554F19A5AA0}.Release|x86.Build.0 = Release|x86
		{F7888845-9003-4464-A1A9-A29222BCA4A4}.Debug|x86.ActiveCfg = Debug|x86
		{F7888845-9003-4464-A1A9-A29222BCA4A4}.Debug|x86.Build.0 = Debug|x86
		{F7888845-9003-4464-A1A9-A29222BCA4A4}.Release|x86.ActiveCfg = Release|x86
		{F7888845-9003-4464-A1A9-A29222BCA4A4}.Release|x86.Build.0 = Release|x86
		{70C1ACD4-E184-466F-8447-A0E30BC40772}.Debug|x86.ActiveCfg = Debug|x86
		{70C1ACD4-E184-466F-8447-A0E30BC40772}.Debug|x86.Build.0 = Debug|x86
		{70C1ACD4-E184-466F-8447-A0E30BC40772}.Release|x86.ActiveCfg = Release|x86
		{70C1ACD4-E184-466F-8447-A0E30BC40772}.Release|x86.Build.0 = Release|x86
		{35814E4C-F09E-4541-89C2-20815F1BF1F1}.Debug|x86.ActiveCfg = Debug|x86
		{35814E4C-F09E-4541-89C2-20815F1BF1F1}.Debug|x86.Build.0 = Debug|x86
		{35814E4C-F09E-4541-89C2-20815F1BF1F1}.Release|x86.ActiveCfg = Release|x86
		{35814E4C-F09E-4541-89C2-20815F1BF1F1}.Release|x86.Build.0 = Release|x86
		{89B85CA5-95BF-4E88-97EC-62951187FCBE}.Debug|x86.ActiveCfg = Debug|x86
		{89B85CA5-95BF-4E88-97EC-62951187FCBE}.Debug|x86.Build.0 = Debug|x86
		{89B85CA5-95BF-4E88-97EC-62951187FCBE}.Release|x86.ActiveCfg = Release|x86
		{89B85CA5-95BF-4E88-97EC-62951187FCBE}.Release|x86.Build.0 = Release|x86
		{16D00E66-F7F0-425A-B96F-8C350E36C878}.Debug|x86.ActiveCfg = Debug|x86
		{16D00E66-F7F0-425A-B96F-8C350E36C878}.Debug|x86.Build.0 = Debug|x86
		{16D00E66-F7F0-425A-B96F-8C350E36C878}.Release|x86.ActiveCfg = Release|x86
		{16D00E66-F7F0-425A-B96F-8C350E36C878}.Release|x86.Build.0 = Release|x86
		{231414F0-60D0-487B-92C8-B81076146D2C}.Debug|x86.ActiveCfg = Debug|x86
		{231414F0-60D0-487B-92C8-B81076146D2C}.Debug|x86.Build.0 = Debug|x86
		{231414F0-60D0-487B-92C8-B81076146D2C}.Release|x86.ActiveCfg = Release|x86
		{231414F0-60D0-487B-92C8-B81076146D2C}.Release|x86.Build.0 = Release|x86
		{B41A58C6-706F-4646-91C9-BA479580AE2A}.Debug|x86.ActiveCfg = Debug|x86
		{B41A58C6-706F-4646-91C9-BA479580AE2A}.Debug|x86.Build.0 = Debug|x86
		{B41A58C6-706F-4646-91C9-BA479580AE2A}.Release|x86.ActiveCfg = Release|x86
		{B41A58C6-706F-4646-91C9-BA479580AE2A}.Release|x86.Build.0 = Release|x86
		{4488EB78-E1CA-405A-A10E-EABBF3E82C30}.Debug|x86.ActiveCfg = Debug|x86
		{4488EB78-E1CA-405A-A10E-EABBF3E82C30}.Debug|x86.Build.0 = Debug|x86
		{4488EB78-E1CA-405A-A10E-EABBF3E82C30}.Release|x86.ActiveCfg = Release|x86
		{4488EB78-E1CA-405A-A10E-EABBF3E82C30}.Release|x86.Build.0 = Release|x86
		{99BF7B7F-B666-476A-91AB-A1044C9E49F4}.Debug|x86.ActiveCfg = Debug|x86
		{99BF7B7F-B666-476A-91AB-A1044C9E49F4}.Debug|x86.Build.0 = Debug|x86
		{99BF7B7F-B666-476A-91AB-A1044C9E49F4}.Release|x86.ActiveCfg = Release|x86
		{99BF7B7F-B666-476A-91AB-A1044C9E49F4}.Release|x86.Build.0 = Release|x86
		{CAA67AEA-B661-4919-A90D-E22C640E4D38}.Debug|x86.ActiveCfg = Debug|x86
		{CAA67AEA-B661-4919-A90D-E22C640E4D38}.Debug|x86.Build.0 = Debug|x86
		{CAA67AEA-B661-4919-A90D-E22C640E4D38}.Release|x86.ActiveCfg = Release|x86
		{CAA67AEA-B661-4919-A90D-E22C640E4D38}.Release|x86.Build.0 = Release|x86
		{0742B471-42DD-4BCC-96F9-E0B26C353DF3}.Debug|x86.ActiveCfg = Debug|x86
		{0742B471-42DD-4BCC-96F9-E0B26C353DF3}.Debug|x86.Build.0 = Debug|x86
		{0742B471-42DD-4BCC-96F9-E0B26C353DF3}.Release|x86.ActiveCfg = Release|x86
		{0742B471-42DD-4BCC-96F9-E0B26C353DF3}.Release|x86.Build.0 = Release|x86
		{4DD6F3CE-54F8-45E9-BEC3-385505C94655}.Debug|x86.ActiveCfg = Debug|x86
		{4DD6F3CE-54F8-45E9-BEC3-385505C94655}.Debug|x86.Build.0 = Debug|x86
		{4DD6F3CE-54F8-45E9-BEC3-385505C94655}.Release|x86.ActiveCfg = Release|x86
		{4DD6F3CE-54F8-45E9-BEC3-385505C94655}.Release|x86.Build.0 = Release|x86
		{E0E96D70-5F07-46DE-8EDB-BBE96CFD70C6}.Debug|x86.ActiveCfg = Debug|x86
		{E0E96D70-5F07-46DE-8EDB-BBE96CFD70C6}.Debug|x86.Build.0 = Debug|x86
		{E0E96D70-5F07-46DE-8EDB-BBE96CFD70C6}.Release|x86.ActiveCfg = Release|x86
		{E0E96D70-5F07-46DE-8EDB-BBE96CFD70C6}.Release|x86.Build.0 = Release|x86
		{53A7B97C-EA7E-453F-A675-640B1085B81C}.Debug|x86.ActiveCfg = Debug|x86
		{53A7B97C-EA7E-453F-A675-640B1085B81C}.Debug|x86.Build.0 = Debug|x86
		{53A7B97C-EA7E-453F-A675-640B1085B81C}.Release|x86.ActiveCfg = Release|x86
		{53A7B97C-EA7E-453F-A675-640B1085B81C}.Release|x86.Build.0 = Release|x86
	EndGlobalSection
	GlobalSection(SolutionProperties) = preSolution
		HideSolutionNode = FALSE
	EndGlobalSection
EndGlobal
