
Microsoft Visual Studio Solution File, Format Version 12.00
# Visual Studio 2013
VisualStudioVersion = 12.0.21005.1
MinimumVisualStudioVersion = 10.0.40219.1
Project("{FAE04EC0-301F-11D3-BF4B-00C04F79EFBC}") = "01.Budget", "01.Budget\01.Budget.csproj", "{98192A1C-02E4-4C29-89EF-50EFFB3DDEDC}"
EndProject
Project("{FAE04EC0-301F-11D3-BF4B-00C04F79EFBC}") = "02.OddEvenCounter", "02.OddEvenCounter\02.OddEvenCounter.csproj", "{20B21861-0AE0-4425-974F-6EFBFCEDBF34}"
EndProject
Project("{FAE04EC0-301F-11D3-BF4B-00C04F79EFBC}") = "03.Plane", "03.Plane\03.Plane.csproj", "{08909A8E-7912-4D84-9CA2-AC17303EEE8D}"
EndProject
Project("{FAE04EC0-301F-11D3-BF4B-00C04F79EFBC}") = "04.WeirdCombinations", "04.WeirdCombinations\04.WeirdCombinations.csproj", "{C2F76142-32B4-41FE-B63F-E845B34FBC42}"
EndProject
Project("{FAE04EC0-301F-11D3-BF4B-00C04F79EFBC}") = "LiveTest", "LiveTest\LiveTest.csproj", "{A0BECE32-1024-4FA8-BBB2-0052EF8470D6}"
EndProject
Global
	GlobalSection(SolutionConfigurationPlatforms) = preSolution
		Debug|Any CPU = Debug|Any CPU
		Release|Any CPU = Release|Any CPU
	EndGlobalSection
	GlobalSection(ProjectConfigurationPlatforms) = postSolution
		{98192A1C-02E4-4C29-89EF-50EFFB3DDEDC}.Debug|Any CPU.ActiveCfg = Debug|Any CPU
		{98192A1C-02E4-4C29-89EF-50EFFB3DDEDC}.Debug|Any CPU.Build.0 = Debug|Any CPU
		{98192A1C-02E4-4C29-89EF-50EFFB3DDEDC}.Release|Any CPU.ActiveCfg = Release|Any CPU
		{98192A1C-02E4-4C29-89EF-50EFFB3DDEDC}.Release|Any CPU.Build.0 = Release|Any CPU
		{20B21861-0AE0-4425-974F-6EFBFCEDBF34}.Debug|Any CPU.ActiveCfg = Debug|Any CPU
		{20B21861-0AE0-4425-974F-6EFBFCEDBF34}.Debug|Any CPU.Build.0 = Debug|Any CPU
		{20B21861-0AE0-4425-974F-6EFBFCEDBF34}.Release|Any CPU.ActiveCfg = Release|Any CPU
		{20B21861-0AE0-4425-974F-6EFBFCEDBF34}.Release|Any CPU.Build.0 = Release|Any CPU
		{08909A8E-7912-4D84-9CA2-AC17303EEE8D}.Debug|Any CPU.ActiveCfg = Debug|Any CPU
		{08909A8E-7912-4D84-9CA2-AC17303EEE8D}.Debug|Any CPU.Build.0 = Debug|Any CPU
		{08909A8E-7912-4D84-9CA2-AC17303EEE8D}.Release|Any CPU.ActiveCfg = Release|Any CPU
		{08909A8E-7912-4D84-9CA2-AC17303EEE8D}.Release|Any CPU.Build.0 = Release|Any CPU
		{C2F76142-32B4-41FE-B63F-E845B34FBC42}.Debug|Any CPU.ActiveCfg = Debug|Any CPU
		{C2F76142-32B4-41FE-B63F-E845B34FBC42}.Debug|Any CPU.Build.0 = Debug|Any CPU
		{C2F76142-32B4-41FE-B63F-E845B34FBC42}.Release|Any CPU.ActiveCfg = Release|Any CPU
		{C2F76142-32B4-41FE-B63F-E845B34FBC42}.Release|Any CPU.Build.0 = Release|Any CPU
		{A0BECE32-1024-4FA8-BBB2-0052EF8470D6}.Debug|Any CPU.ActiveCfg = Debug|Any CPU
		{A0BECE32-1024-4FA8-BBB2-0052EF8470D6}.Debug|Any CPU.Build.0 = Debug|Any CPU
		{A0BECE32-1024-4FA8-BBB2-0052EF8470D6}.Release|Any CPU.ActiveCfg = Release|Any CPU
		{A0BECE32-1024-4FA8-BBB2-0052EF8470D6}.Release|Any CPU.Build.0 = Release|Any CPU
	EndGlobalSection
	GlobalSection(SolutionProperties) = preSolution
		HideSolutionNode = FALSE
	EndGlobalSection
EndGlobal
