
Microsoft Visual Studio Solution File, Format Version 12.00
# Visual Studio 2013
VisualStudioVersion = 12.0.21005.1
MinimumVisualStudioVersion = 10.0.40219.1
Project("{FAE04EC0-301F-11D3-BF4B-00C04F79EFBC}") = "01.Electricity", "01.Electricity\01.Electricity.csproj", "{EB3AD8C4-5035-4691-8BD4-346B2676472C}"
EndProject
Project("{FAE04EC0-301F-11D3-BF4B-00C04F79EFBC}") = "02.OddAndEvenSum", "02.OddAndEvenSum\02.OddAndEvenSum.csproj", "{7E6C75C7-4453-4A24-A381-2E03ED391E44}"
EndProject
Project("{FAE04EC0-301F-11D3-BF4B-00C04F79EFBC}") = "03.HouseWIthAWindow", "03.HouseWIthAWindow\03.HouseWIthAWindow.csproj", "{EE2D4B92-6BBF-4DEA-825F-D4F95F560F9C}"
EndProject
Project("{FAE04EC0-301F-11D3-BF4B-00C04F79EFBC}") = "04.NakovsMAtching", "04.NakovsMAtching\04.NakovsMAtching.csproj", "{553B9102-119B-4A8B-9BEF-0B4FD8773F62}"
EndProject
Global
	GlobalSection(SolutionConfigurationPlatforms) = preSolution
		Debug|Any CPU = Debug|Any CPU
		Release|Any CPU = Release|Any CPU
	EndGlobalSection
	GlobalSection(ProjectConfigurationPlatforms) = postSolution
		{EB3AD8C4-5035-4691-8BD4-346B2676472C}.Debug|Any CPU.ActiveCfg = Debug|Any CPU
		{EB3AD8C4-5035-4691-8BD4-346B2676472C}.Debug|Any CPU.Build.0 = Debug|Any CPU
		{EB3AD8C4-5035-4691-8BD4-346B2676472C}.Release|Any CPU.ActiveCfg = Release|Any CPU
		{EB3AD8C4-5035-4691-8BD4-346B2676472C}.Release|Any CPU.Build.0 = Release|Any CPU
		{7E6C75C7-4453-4A24-A381-2E03ED391E44}.Debug|Any CPU.ActiveCfg = Debug|Any CPU
		{7E6C75C7-4453-4A24-A381-2E03ED391E44}.Debug|Any CPU.Build.0 = Debug|Any CPU
		{7E6C75C7-4453-4A24-A381-2E03ED391E44}.Release|Any CPU.ActiveCfg = Release|Any CPU
		{7E6C75C7-4453-4A24-A381-2E03ED391E44}.Release|Any CPU.Build.0 = Release|Any CPU
		{EE2D4B92-6BBF-4DEA-825F-D4F95F560F9C}.Debug|Any CPU.ActiveCfg = Debug|Any CPU
		{EE2D4B92-6BBF-4DEA-825F-D4F95F560F9C}.Debug|Any CPU.Build.0 = Debug|Any CPU
		{EE2D4B92-6BBF-4DEA-825F-D4F95F560F9C}.Release|Any CPU.ActiveCfg = Release|Any CPU
		{EE2D4B92-6BBF-4DEA-825F-D4F95F560F9C}.Release|Any CPU.Build.0 = Release|Any CPU
		{553B9102-119B-4A8B-9BEF-0B4FD8773F62}.Debug|Any CPU.ActiveCfg = Debug|Any CPU
		{553B9102-119B-4A8B-9BEF-0B4FD8773F62}.Debug|Any CPU.Build.0 = Debug|Any CPU
		{553B9102-119B-4A8B-9BEF-0B4FD8773F62}.Release|Any CPU.ActiveCfg = Release|Any CPU
		{553B9102-119B-4A8B-9BEF-0B4FD8773F62}.Release|Any CPU.Build.0 = Release|Any CPU
	EndGlobalSection
	GlobalSection(SolutionProperties) = preSolution
		HideSolutionNode = FALSE
	EndGlobalSection
EndGlobal
